// !$*UTF8*$!
{
	archiveVersion = 1;
	classes = {
	};
	objectVersion = 55;
	objects = {

/* Begin PBXBuildFile section */
		79ECC32884EE08A6FDB29186 /* Pods_WaterSeven.framework in Frameworks */ = {isa = PBXBuildFile; fileRef = F59E6F3D529D000BEC442CE4 /* Pods_WaterSeven.framework */; };
		FA0FF1DA290B393000D599A3 /* WSCalendarCell.swift in Sources */ = {isa = PBXBuildFile; fileRef = FA0FF1D9290B393000D599A3 /* WSCalendarCell.swift */; };
		FA107335291EC77800B7E7C3 /* Blur +.swift in Sources */ = {isa = PBXBuildFile; fileRef = FA107334291EC77800B7E7C3 /* Blur +.swift */; };
		FA1AC31D291EB8C80023D330 /* WSGlassView.swift in Sources */ = {isa = PBXBuildFile; fileRef = FA1AC31C291EB8C80023D330 /* WSGlassView.swift */; };
		FA2F9FF029281B6500D710F6 /* WSPlantService.swift in Sources */ = {isa = PBXBuildFile; fileRef = FA2F9FEF29281B6500D710F6 /* WSPlantService.swift */; };
		FA2F9FF229281C6200D710F6 /* WSPlantRepository.swift in Sources */ = {isa = PBXBuildFile; fileRef = FA2F9FF129281C6200D710F6 /* WSPlantRepository.swift */; };
		FA2F9FF42928202300D710F6 /* WSPlantStored.swift in Sources */ = {isa = PBXBuildFile; fileRef = FA2F9FF32928202300D710F6 /* WSPlantStored.swift */; };
		FA2F9FF729283C5B00D710F6 /* WSStoreManagerProtocol.swift in Sources */ = {isa = PBXBuildFile; fileRef = FA2F9FF629283C5B00D710F6 /* WSStoreManagerProtocol.swift */; };
		FA2F9FF929283D7A00D710F6 /* WSStoreManager.swift in Sources */ = {isa = PBXBuildFile; fileRef = FA2F9FF829283D7A00D710F6 /* WSStoreManager.swift */; };
		FA2F9FFB2928493600D710F6 /* WSTabViewModel.swift in Sources */ = {isa = PBXBuildFile; fileRef = FA2F9FFA2928493600D710F6 /* WSTabViewModel.swift */; };
		FA2F9FFD2928658E00D710F6 /* WSImageManager.swift in Sources */ = {isa = PBXBuildFile; fileRef = FA2F9FFC2928658E00D710F6 /* WSImageManager.swift */; };
		FA30476A291264F8004E7292 /* WSRegimeView.swift in Sources */ = {isa = PBXBuildFile; fileRef = FA304769291264F8004E7292 /* WSRegimeView.swift */; };
		FA315AB22926E97000CC8313 /* Realm in Frameworks */ = {isa = PBXBuildFile; productRef = FA315AB12926E97000CC8313 /* Realm */; };
		FA315AB42926E97000CC8313 /* RealmSwift in Frameworks */ = {isa = PBXBuildFile; productRef = FA315AB32926E97000CC8313 /* RealmSwift */; };
		FA315AB62926F7D700CC8313 /* RealmManager.swift in Sources */ = {isa = PBXBuildFile; fileRef = FA315AB52926F7D700CC8313 /* RealmManager.swift */; };
		FA4335D52909C25E000278A1 /* WSTextField.swift in Sources */ = {isa = PBXBuildFile; fileRef = FA4335D42909C25E000278A1 /* WSTextField.swift */; };
		FA4CDFBD2914941300751AD3 /* WSPlantSquareCell.swift in Sources */ = {isa = PBXBuildFile; fileRef = FA4CDFBC2914941300751AD3 /* WSPlantSquareCell.swift */; };
		FA4CDFBF2914942C00751AD3 /* WSPlantSquareCellVM.swift in Sources */ = {isa = PBXBuildFile; fileRef = FA4CDFBE2914942C00751AD3 /* WSPlantSquareCellVM.swift */; };
		FA4CDFC12914953100751AD3 /* WSPlant.swift in Sources */ = {isa = PBXBuildFile; fileRef = FA4CDFC02914953100751AD3 /* WSPlant.swift */; };
		FA5DE2A62909E9CA0069CFA5 /* WSLeafView.swift in Sources */ = {isa = PBXBuildFile; fileRef = FA5DE2A52909E9CA0069CFA5 /* WSLeafView.swift */; };
		FA5DE2A82909EF350069CFA5 /* WSWateringRegimeView.swift in Sources */ = {isa = PBXBuildFile; fileRef = FA5DE2A72909EF350069CFA5 /* WSWateringRegimeView.swift */; };
		FA9D179929017A40006BB413 /* WSRoundedCornersShape.swift in Sources */ = {isa = PBXBuildFile; fileRef = FA9D179829017A40006BB413 /* WSRoundedCornersShape.swift */; };
		FA9D179F29018429006BB413 /* WSAllPlantsViewModel.swift in Sources */ = {isa = PBXBuildFile; fileRef = FA9D179E29018429006BB413 /* WSAllPlantsViewModel.swift */; };
		FA9D17A129018449006BB413 /* WSAllPlantsView.swift in Sources */ = {isa = PBXBuildFile; fileRef = FA9D17A029018449006BB413 /* WSAllPlantsView.swift */; };
		FA9D17A42901848A006BB413 /* WSSettingsViewModel.swift in Sources */ = {isa = PBXBuildFile; fileRef = FA9D17A32901848A006BB413 /* WSSettingsViewModel.swift */; };
		FA9D17A629018498006BB413 /* WSSettingsView.swift in Sources */ = {isa = PBXBuildFile; fileRef = FA9D17A529018498006BB413 /* WSSettingsView.swift */; };
		FA9D17A8290184F8006BB413 /* WSTabView.swift in Sources */ = {isa = PBXBuildFile; fileRef = FA9D17A7290184F8006BB413 /* WSTabView.swift */; };
		FA9F35F22902EAF3007B1194 /* WSImagePickerView.swift in Sources */ = {isa = PBXBuildFile; fileRef = FA9F35F12902EAF3007B1194 /* WSImagePickerView.swift */; };
		FAB2F110291EF7A300571279 /* WSLottieView.swift in Sources */ = {isa = PBXBuildFile; fileRef = FAB2F10F291EF7A300571279 /* WSLottieView.swift */; };
		FAB2F112291EFA4C00571279 /* flower-animation.json in Resources */ = {isa = PBXBuildFile; fileRef = FAB2F111291EFA4C00571279 /* flower-animation.json */; };
		FAB2F116291EFD9A00571279 /* flower-animation2.json in Resources */ = {isa = PBXBuildFile; fileRef = FAB2F115291EFD9A00571279 /* flower-animation2.json */; };
		FAB81C09290EFFA7008FD888 /* View +.swift in Sources */ = {isa = PBXBuildFile; fileRef = FAB81C08290EFFA7008FD888 /* View +.swift */; };
		FAD0715C290D9B4900EC71E7 /* WSCalendarView.swift in Sources */ = {isa = PBXBuildFile; fileRef = FAD0715B290D9B4900EC71E7 /* WSCalendarView.swift */; };
		FAD0715E290DB6AE00EC71E7 /* Date +.swift in Sources */ = {isa = PBXBuildFile; fileRef = FAD0715D290DB6AE00EC71E7 /* Date +.swift */; };
		FAD07161290E040D00EC71E7 /* WSCalendarVM.swift in Sources */ = {isa = PBXBuildFile; fileRef = FAD07160290E040D00EC71E7 /* WSCalendarVM.swift */; };
		FAD642282902CED6009E8F98 /* WSNewPlantViewModel.swift in Sources */ = {isa = PBXBuildFile; fileRef = FAD642272902CED6009E8F98 /* WSNewPlantViewModel.swift */; };
		FAD6422A2902CEE6009E8F98 /* WSNewPlantView.swift in Sources */ = {isa = PBXBuildFile; fileRef = FAD642292902CEE6009E8F98 /* WSNewPlantView.swift */; };
		FAE0B9A92943A4E50085F80C /* Scroll.swift in Sources */ = {isa = PBXBuildFile; fileRef = FAE0B9A82943A4E50085F80C /* Scroll.swift */; };
		FAF080F228FAFEB7007091B1 /* WaterSevenApp.swift in Sources */ = {isa = PBXBuildFile; fileRef = FAF080F128FAFEB7007091B1 /* WaterSevenApp.swift */; };
		FAF080F428FAFEB7007091B1 /* WSHomeView.swift in Sources */ = {isa = PBXBuildFile; fileRef = FAF080F328FAFEB7007091B1 /* WSHomeView.swift */; };
		FAF080F628FAFEBB007091B1 /* Assets.xcassets in Resources */ = {isa = PBXBuildFile; fileRef = FAF080F528FAFEBB007091B1 /* Assets.xcassets */; };
		FAF080F928FAFEBB007091B1 /* Preview Assets.xcassets in Resources */ = {isa = PBXBuildFile; fileRef = FAF080F828FAFEBB007091B1 /* Preview Assets.xcassets */; };
		FAF0810428FB06F8007091B1 /* WSTodayWaterView.swift in Sources */ = {isa = PBXBuildFile; fileRef = FAF0810328FB06F8007091B1 /* WSTodayWaterView.swift */; };
		FAF0810728FC2BCC007091B1 /* WSFont.swift in Sources */ = {isa = PBXBuildFile; fileRef = FAF0810628FC2BCC007091B1 /* WSFont.swift */; };
		FAF0810D28FC2D8F007091B1 /* WSServicesFactory.swift in Sources */ = {isa = PBXBuildFile; fileRef = FAF0810C28FC2D8F007091B1 /* WSServicesFactory.swift */; };
		FAF0810F28FC2DE1007091B1 /* WSService.swift in Sources */ = {isa = PBXBuildFile; fileRef = FAF0810E28FC2DE1007091B1 /* WSService.swift */; };
		FAF0811128FC2F00007091B1 /* WSRepository.swift in Sources */ = {isa = PBXBuildFile; fileRef = FAF0811028FC2F00007091B1 /* WSRepository.swift */; };
		FAF0811328FC2F1E007091B1 /* WSRepositoryLocal.swift in Sources */ = {isa = PBXBuildFile; fileRef = FAF0811228FC2F1E007091B1 /* WSRepositoryLocal.swift */; };
		FAF0811728FC313E007091B1 /* WSViewModel.swift in Sources */ = {isa = PBXBuildFile; fileRef = FAF0811628FC313E007091B1 /* WSViewModel.swift */; };
		FAF0811928FC3270007091B1 /* WSHomeViewModel.swift in Sources */ = {isa = PBXBuildFile; fileRef = FAF0811828FC3270007091B1 /* WSHomeViewModel.swift */; };
		FAF0811B28FC3D84007091B1 /* WSServiceFactoryMock.swift in Sources */ = {isa = PBXBuildFile; fileRef = FAF0811A28FC3D84007091B1 /* WSServiceFactoryMock.swift */; };
		FAF081272900997B007091B1 /* WSPlantCell.swift in Sources */ = {isa = PBXBuildFile; fileRef = FAF081262900997B007091B1 /* WSPlantCell.swift */; };
		FAF0812B29016E50007091B1 /* WSPlantCellVM.swift in Sources */ = {isa = PBXBuildFile; fileRef = FAF0812A29016E50007091B1 /* WSPlantCellVM.swift */; };
		FAF0812D290170ED007091B1 /* WSButtons.swift in Sources */ = {isa = PBXBuildFile; fileRef = FAF0812C290170ED007091B1 /* WSButtons.swift */; };
		FAF63767290D433400F49694 /* WSPlantViewModel.swift in Sources */ = {isa = PBXBuildFile; fileRef = FAF63766290D433400F49694 /* WSPlantViewModel.swift */; };
		FAF63769290D434500F49694 /* WSPlantView.swift in Sources */ = {isa = PBXBuildFile; fileRef = FAF63768290D434500F49694 /* WSPlantView.swift */; };
		FAF6376B290D453300F49694 /* WSImageView.swift in Sources */ = {isa = PBXBuildFile; fileRef = FAF6376A290D453300F49694 /* WSImageView.swift */; };
		FAFE465029155F7000CA54B2 /* WSCarouselView.swift in Sources */ = {isa = PBXBuildFile; fileRef = FAFE464F29155F7000CA54B2 /* WSCarouselView.swift */; };
/* End PBXBuildFile section */

/* Begin PBXFileReference section */
		1F6F92E252E3F9BCB18C5F15 /* Pods-WaterSeven.debug.xcconfig */ = {isa = PBXFileReference; includeInIndex = 1; lastKnownFileType = text.xcconfig; name = "Pods-WaterSeven.debug.xcconfig"; path = "Target Support Files/Pods-WaterSeven/Pods-WaterSeven.debug.xcconfig"; sourceTree = "<group>"; };
		E899D2B4DEAC6BA94DC7522E /* Pods-WaterSeven.release.xcconfig */ = {isa = PBXFileReference; includeInIndex = 1; lastKnownFileType = text.xcconfig; name = "Pods-WaterSeven.release.xcconfig"; path = "Target Support Files/Pods-WaterSeven/Pods-WaterSeven.release.xcconfig"; sourceTree = "<group>"; };
		F59E6F3D529D000BEC442CE4 /* Pods_WaterSeven.framework */ = {isa = PBXFileReference; explicitFileType = wrapper.framework; includeInIndex = 0; path = Pods_WaterSeven.framework; sourceTree = BUILT_PRODUCTS_DIR; };
		FA0FF1D9290B393000D599A3 /* WSCalendarCell.swift */ = {isa = PBXFileReference; lastKnownFileType = sourcecode.swift; path = WSCalendarCell.swift; sourceTree = "<group>"; };
		FA107334291EC77800B7E7C3 /* Blur +.swift */ = {isa = PBXFileReference; lastKnownFileType = sourcecode.swift; path = "Blur +.swift"; sourceTree = "<group>"; };
		FA1AC31C291EB8C80023D330 /* WSGlassView.swift */ = {isa = PBXFileReference; lastKnownFileType = sourcecode.swift; path = WSGlassView.swift; sourceTree = "<group>"; };
		FA2F9FEF29281B6500D710F6 /* WSPlantService.swift */ = {isa = PBXFileReference; lastKnownFileType = sourcecode.swift; path = WSPlantService.swift; sourceTree = "<group>"; };
		FA2F9FF129281C6200D710F6 /* WSPlantRepository.swift */ = {isa = PBXFileReference; lastKnownFileType = sourcecode.swift; path = WSPlantRepository.swift; sourceTree = "<group>"; };
		FA2F9FF32928202300D710F6 /* WSPlantStored.swift */ = {isa = PBXFileReference; lastKnownFileType = sourcecode.swift; path = WSPlantStored.swift; sourceTree = "<group>"; };
		FA2F9FF629283C5B00D710F6 /* WSStoreManagerProtocol.swift */ = {isa = PBXFileReference; lastKnownFileType = sourcecode.swift; path = WSStoreManagerProtocol.swift; sourceTree = "<group>"; };
		FA2F9FF829283D7A00D710F6 /* WSStoreManager.swift */ = {isa = PBXFileReference; lastKnownFileType = sourcecode.swift; path = WSStoreManager.swift; sourceTree = "<group>"; };
		FA2F9FFA2928493600D710F6 /* WSTabViewModel.swift */ = {isa = PBXFileReference; lastKnownFileType = sourcecode.swift; path = WSTabViewModel.swift; sourceTree = "<group>"; };
		FA2F9FFC2928658E00D710F6 /* WSImageManager.swift */ = {isa = PBXFileReference; lastKnownFileType = sourcecode.swift; path = WSImageManager.swift; sourceTree = "<group>"; };
		FA304769291264F8004E7292 /* WSRegimeView.swift */ = {isa = PBXFileReference; lastKnownFileType = sourcecode.swift; path = WSRegimeView.swift; sourceTree = "<group>"; };
		FA315AB52926F7D700CC8313 /* RealmManager.swift */ = {isa = PBXFileReference; lastKnownFileType = sourcecode.swift; path = RealmManager.swift; sourceTree = "<group>"; };
		FA4335D42909C25E000278A1 /* WSTextField.swift */ = {isa = PBXFileReference; lastKnownFileType = sourcecode.swift; path = WSTextField.swift; sourceTree = "<group>"; };
		FA4CDFBC2914941300751AD3 /* WSPlantSquareCell.swift */ = {isa = PBXFileReference; lastKnownFileType = sourcecode.swift; path = WSPlantSquareCell.swift; sourceTree = "<group>"; };
		FA4CDFBE2914942C00751AD3 /* WSPlantSquareCellVM.swift */ = {isa = PBXFileReference; lastKnownFileType = sourcecode.swift; path = WSPlantSquareCellVM.swift; sourceTree = "<group>"; };
		FA4CDFC02914953100751AD3 /* WSPlant.swift */ = {isa = PBXFileReference; lastKnownFileType = sourcecode.swift; path = WSPlant.swift; sourceTree = "<group>"; };
		FA5DE2A52909E9CA0069CFA5 /* WSLeafView.swift */ = {isa = PBXFileReference; lastKnownFileType = sourcecode.swift; path = WSLeafView.swift; sourceTree = "<group>"; };
		FA5DE2A72909EF350069CFA5 /* WSWateringRegimeView.swift */ = {isa = PBXFileReference; lastKnownFileType = sourcecode.swift; path = WSWateringRegimeView.swift; sourceTree = "<group>"; };
		FA9D179829017A40006BB413 /* WSRoundedCornersShape.swift */ = {isa = PBXFileReference; lastKnownFileType = sourcecode.swift; path = WSRoundedCornersShape.swift; sourceTree = "<group>"; };
		FA9D179E29018429006BB413 /* WSAllPlantsViewModel.swift */ = {isa = PBXFileReference; lastKnownFileType = sourcecode.swift; path = WSAllPlantsViewModel.swift; sourceTree = "<group>"; };
		FA9D17A029018449006BB413 /* WSAllPlantsView.swift */ = {isa = PBXFileReference; lastKnownFileType = sourcecode.swift; path = WSAllPlantsView.swift; sourceTree = "<group>"; };
		FA9D17A32901848A006BB413 /* WSSettingsViewModel.swift */ = {isa = PBXFileReference; lastKnownFileType = sourcecode.swift; path = WSSettingsViewModel.swift; sourceTree = "<group>"; };
		FA9D17A529018498006BB413 /* WSSettingsView.swift */ = {isa = PBXFileReference; lastKnownFileType = sourcecode.swift; path = WSSettingsView.swift; sourceTree = "<group>"; };
		FA9D17A7290184F8006BB413 /* WSTabView.swift */ = {isa = PBXFileReference; lastKnownFileType = sourcecode.swift; path = WSTabView.swift; sourceTree = "<group>"; };
		FA9F35F12902EAF3007B1194 /* WSImagePickerView.swift */ = {isa = PBXFileReference; lastKnownFileType = sourcecode.swift; path = WSImagePickerView.swift; sourceTree = "<group>"; };
		FAB2F10F291EF7A300571279 /* WSLottieView.swift */ = {isa = PBXFileReference; lastKnownFileType = sourcecode.swift; path = WSLottieView.swift; sourceTree = "<group>"; };
		FAB2F111291EFA4C00571279 /* flower-animation.json */ = {isa = PBXFileReference; fileEncoding = 4; lastKnownFileType = text.json; path = "flower-animation.json"; sourceTree = "<group>"; };
		FAB2F115291EFD9A00571279 /* flower-animation2.json */ = {isa = PBXFileReference; fileEncoding = 4; lastKnownFileType = text.json; path = "flower-animation2.json"; sourceTree = "<group>"; };
		FAB81C08290EFFA7008FD888 /* View +.swift */ = {isa = PBXFileReference; lastKnownFileType = sourcecode.swift; path = "View +.swift"; sourceTree = "<group>"; };
		FAD0715B290D9B4900EC71E7 /* WSCalendarView.swift */ = {isa = PBXFileReference; lastKnownFileType = sourcecode.swift; path = WSCalendarView.swift; sourceTree = "<group>"; };
		FAD0715D290DB6AE00EC71E7 /* Date +.swift */ = {isa = PBXFileReference; lastKnownFileType = sourcecode.swift; path = "Date +.swift"; sourceTree = "<group>"; };
		FAD07160290E040D00EC71E7 /* WSCalendarVM.swift */ = {isa = PBXFileReference; lastKnownFileType = sourcecode.swift; path = WSCalendarVM.swift; sourceTree = "<group>"; };
		FAD642272902CED6009E8F98 /* WSNewPlantViewModel.swift */ = {isa = PBXFileReference; lastKnownFileType = sourcecode.swift; path = WSNewPlantViewModel.swift; sourceTree = "<group>"; };
		FAD642292902CEE6009E8F98 /* WSNewPlantView.swift */ = {isa = PBXFileReference; lastKnownFileType = sourcecode.swift; path = WSNewPlantView.swift; sourceTree = "<group>"; };
		FAE0B9A82943A4E50085F80C /* Scroll.swift */ = {isa = PBXFileReference; lastKnownFileType = sourcecode.swift; path = Scroll.swift; sourceTree = "<group>"; };
		FAF080EE28FAFEB7007091B1 /* WaterSeven.app */ = {isa = PBXFileReference; explicitFileType = wrapper.application; includeInIndex = 0; path = WaterSeven.app; sourceTree = BUILT_PRODUCTS_DIR; };
		FAF080F128FAFEB7007091B1 /* WaterSevenApp.swift */ = {isa = PBXFileReference; lastKnownFileType = sourcecode.swift; path = WaterSevenApp.swift; sourceTree = "<group>"; };
		FAF080F328FAFEB7007091B1 /* WSHomeView.swift */ = {isa = PBXFileReference; lastKnownFileType = sourcecode.swift; path = WSHomeView.swift; sourceTree = "<group>"; };
		FAF080F528FAFEBB007091B1 /* Assets.xcassets */ = {isa = PBXFileReference; lastKnownFileType = folder.assetcatalog; path = Assets.xcassets; sourceTree = "<group>"; };
		FAF080F828FAFEBB007091B1 /* Preview Assets.xcassets */ = {isa = PBXFileReference; lastKnownFileType = folder.assetcatalog; path = "Preview Assets.xcassets"; sourceTree = "<group>"; };
		FAF0810328FB06F8007091B1 /* WSTodayWaterView.swift */ = {isa = PBXFileReference; lastKnownFileType = sourcecode.swift; path = WSTodayWaterView.swift; sourceTree = "<group>"; };
		FAF0810628FC2BCC007091B1 /* WSFont.swift */ = {isa = PBXFileReference; lastKnownFileType = sourcecode.swift; path = WSFont.swift; sourceTree = "<group>"; };
		FAF0810C28FC2D8F007091B1 /* WSServicesFactory.swift */ = {isa = PBXFileReference; lastKnownFileType = sourcecode.swift; path = WSServicesFactory.swift; sourceTree = "<group>"; };
		FAF0810E28FC2DE1007091B1 /* WSService.swift */ = {isa = PBXFileReference; lastKnownFileType = sourcecode.swift; path = WSService.swift; sourceTree = "<group>"; };
		FAF0811028FC2F00007091B1 /* WSRepository.swift */ = {isa = PBXFileReference; lastKnownFileType = sourcecode.swift; path = WSRepository.swift; sourceTree = "<group>"; };
		FAF0811228FC2F1E007091B1 /* WSRepositoryLocal.swift */ = {isa = PBXFileReference; lastKnownFileType = sourcecode.swift; path = WSRepositoryLocal.swift; sourceTree = "<group>"; };
		FAF0811628FC313E007091B1 /* WSViewModel.swift */ = {isa = PBXFileReference; lastKnownFileType = sourcecode.swift; path = WSViewModel.swift; sourceTree = "<group>"; };
		FAF0811828FC3270007091B1 /* WSHomeViewModel.swift */ = {isa = PBXFileReference; lastKnownFileType = sourcecode.swift; path = WSHomeViewModel.swift; sourceTree = "<group>"; };
		FAF0811A28FC3D84007091B1 /* WSServiceFactoryMock.swift */ = {isa = PBXFileReference; lastKnownFileType = sourcecode.swift; path = WSServiceFactoryMock.swift; sourceTree = "<group>"; };
		FAF081262900997B007091B1 /* WSPlantCell.swift */ = {isa = PBXFileReference; lastKnownFileType = sourcecode.swift; path = WSPlantCell.swift; sourceTree = "<group>"; };
		FAF0812A29016E50007091B1 /* WSPlantCellVM.swift */ = {isa = PBXFileReference; lastKnownFileType = sourcecode.swift; path = WSPlantCellVM.swift; sourceTree = "<group>"; };
		FAF0812C290170ED007091B1 /* WSButtons.swift */ = {isa = PBXFileReference; lastKnownFileType = sourcecode.swift; path = WSButtons.swift; sourceTree = "<group>"; };
		FAF63766290D433400F49694 /* WSPlantViewModel.swift */ = {isa = PBXFileReference; lastKnownFileType = sourcecode.swift; path = WSPlantViewModel.swift; sourceTree = "<group>"; };
		FAF63768290D434500F49694 /* WSPlantView.swift */ = {isa = PBXFileReference; lastKnownFileType = sourcecode.swift; path = WSPlantView.swift; sourceTree = "<group>"; };
		FAF6376A290D453300F49694 /* WSImageView.swift */ = {isa = PBXFileReference; lastKnownFileType = sourcecode.swift; path = WSImageView.swift; sourceTree = "<group>"; };
		FAFC71E9296C8BC50099D470 /* Info.plist */ = {isa = PBXFileReference; lastKnownFileType = text.plist; path = Info.plist; sourceTree = "<group>"; };
		FAFE464F29155F7000CA54B2 /* WSCarouselView.swift */ = {isa = PBXFileReference; lastKnownFileType = sourcecode.swift; path = WSCarouselView.swift; sourceTree = "<group>"; };
/* End PBXFileReference section */

/* Begin PBXFrameworksBuildPhase section */
		FAF080EB28FAFEB7007091B1 /* Frameworks */ = {
			isa = PBXFrameworksBuildPhase;
			buildActionMask = 2147483647;
			files = (
				FA315AB42926E97000CC8313 /* RealmSwift in Frameworks */,
				FA315AB22926E97000CC8313 /* Realm in Frameworks */,
				79ECC32884EE08A6FDB29186 /* Pods_WaterSeven.framework in Frameworks */,
			);
			runOnlyForDeploymentPostprocessing = 0;
		};
/* End PBXFrameworksBuildPhase section */

/* Begin PBXGroup section */
		03B5277A578EAEF3C230402C /* Pods */ = {
			isa = PBXGroup;
			children = (
				1F6F92E252E3F9BCB18C5F15 /* Pods-WaterSeven.debug.xcconfig */,
				E899D2B4DEAC6BA94DC7522E /* Pods-WaterSeven.release.xcconfig */,
			);
			path = Pods;
			sourceTree = "<group>";
		};
		055AE41887C2E6D77CEB2051 /* Frameworks */ = {
			isa = PBXGroup;
			children = (
				F59E6F3D529D000BEC442CE4 /* Pods_WaterSeven.framework */,
			);
			name = Frameworks;
			sourceTree = "<group>";
		};
		FA2F9FF52928202A00D710F6 /* Models */ = {
			isa = PBXGroup;
			children = (
				FA2F9FF32928202300D710F6 /* WSPlantStored.swift */,
			);
			path = Models;
			sourceTree = "<group>";
		};
		FA4CDFBB2914939D00751AD3 /* PlantCells */ = {
			isa = PBXGroup;
			children = (
				FA4CDFBE2914942C00751AD3 /* WSPlantSquareCellVM.swift */,
				FA4CDFBC2914941300751AD3 /* WSPlantSquareCell.swift */,
				FAF0812A29016E50007091B1 /* WSPlantCellVM.swift */,
				FAF081262900997B007091B1 /* WSPlantCell.swift */,
			);
			path = PlantCells;
			sourceTree = "<group>";
		};
		FA9D179A290181C1006BB413 /* Home */ = {
			isa = PBXGroup;
			children = (
				FAF0811828FC3270007091B1 /* WSHomeViewModel.swift */,
				FAF080F328FAFEB7007091B1 /* WSHomeView.swift */,
			);
			path = Home;
			sourceTree = "<group>";
		};
		FA9D179C29018248006BB413 /* TodayWater */ = {
			isa = PBXGroup;
			children = (
				FAF0810328FB06F8007091B1 /* WSTodayWaterView.swift */,
			);
			path = TodayWater;
			sourceTree = "<group>";
		};
		FA9D179D290183F9006BB413 /* AllPlants */ = {
			isa = PBXGroup;
			children = (
				FA9D179E29018429006BB413 /* WSAllPlantsViewModel.swift */,
				FA9D17A029018449006BB413 /* WSAllPlantsView.swift */,
			);
			path = AllPlants;
			sourceTree = "<group>";
		};
		FA9D17A229018475006BB413 /* Settings */ = {
			isa = PBXGroup;
			children = (
				FA9D17A32901848A006BB413 /* WSSettingsViewModel.swift */,
				FA9D17A529018498006BB413 /* WSSettingsView.swift */,
			);
			path = Settings;
			sourceTree = "<group>";
		};
		FA9D17A929018508006BB413 /* Base */ = {
			isa = PBXGroup;
			children = (
				FAF0811628FC313E007091B1 /* WSViewModel.swift */,
			);
			path = Base;
			sourceTree = "<group>";
		};
		FAD0715F290E03F300EC71E7 /* Calendar */ = {
			isa = PBXGroup;
			children = (
				FAD07160290E040D00EC71E7 /* WSCalendarVM.swift */,
				FAD0715B290D9B4900EC71E7 /* WSCalendarView.swift */,
			);
			path = Calendar;
			sourceTree = "<group>";
		};
		FAD642262902CEAC009E8F98 /* NewPlant */ = {
			isa = PBXGroup;
			children = (
				FAD642272902CED6009E8F98 /* WSNewPlantViewModel.swift */,
				FAD642292902CEE6009E8F98 /* WSNewPlantView.swift */,
			);
			path = NewPlant;
			sourceTree = "<group>";
		};
		FAF080E528FAFEB7007091B1 = {
			isa = PBXGroup;
			children = (
				FAF080F028FAFEB7007091B1 /* WaterSeven */,
				FAF080EF28FAFEB7007091B1 /* Products */,
				03B5277A578EAEF3C230402C /* Pods */,
				055AE41887C2E6D77CEB2051 /* Frameworks */,
			);
			sourceTree = "<group>";
		};
		FAF080EF28FAFEB7007091B1 /* Products */ = {
			isa = PBXGroup;
			children = (
				FAF080EE28FAFEB7007091B1 /* WaterSeven.app */,
			);
			name = Products;
			sourceTree = "<group>";
		};
		FAF080F028FAFEB7007091B1 /* WaterSeven */ = {
			isa = PBXGroup;
			children = (
				FAFC71E9296C8BC50099D470 /* Info.plist */,
				FAF0810128FAFF65007091B1 /* Models */,
				FAF080FF28FAFF4A007091B1 /* Views */,
				FAF0810928FC2D09007091B1 /* Repositories */,
				FAF0810828FC2CF9007091B1 /* Services */,
				FAF0810528FB0DA2007091B1 /* Resourses */,
				FAF080F128FAFEB7007091B1 /* WaterSevenApp.swift */,
				FAF080F728FAFEBB007091B1 /* Preview Content */,
			);
			path = WaterSeven;
			sourceTree = "<group>";
		};
		FAF080F728FAFEBB007091B1 /* Preview Content */ = {
			isa = PBXGroup;
			children = (
				FAF080F828FAFEBB007091B1 /* Preview Assets.xcassets */,
				FAF0811A28FC3D84007091B1 /* WSServiceFactoryMock.swift */,
			);
			path = "Preview Content";
			sourceTree = "<group>";
		};
		FAF080FF28FAFF4A007091B1 /* Views */ = {
			isa = PBXGroup;
			children = (
				FAF63765290D431D00F49694 /* Plant */,
				FAD642262902CEAC009E8F98 /* NewPlant */,
				FA2F9FFA2928493600D710F6 /* WSTabViewModel.swift */,
				FA9D17A7290184F8006BB413 /* WSTabView.swift */,
				FA9D179A290181C1006BB413 /* Home */,
				FA9D179D290183F9006BB413 /* AllPlants */,
				FA9D17A229018475006BB413 /* Settings */,
				FAF0810028FAFF58007091B1 /* Components */,
				FAE0B9A82943A4E50085F80C /* Scroll.swift */,
			);
			path = Views;
			sourceTree = "<group>";
		};
		FAF0810028FAFF58007091B1 /* Components */ = {
			isa = PBXGroup;
			children = (
				FA4CDFBB2914939D00751AD3 /* PlantCells */,
				FAD0715F290E03F300EC71E7 /* Calendar */,
				FA9D17A929018508006BB413 /* Base */,
				FA9D179C29018248006BB413 /* TodayWater */,
				FAF0812E290179F4007091B1 /* Ext */,
				FAF0812C290170ED007091B1 /* WSButtons.swift */,
				FA9D179829017A40006BB413 /* WSRoundedCornersShape.swift */,
				FA9F35F12902EAF3007B1194 /* WSImagePickerView.swift */,
				FA4335D42909C25E000278A1 /* WSTextField.swift */,
				FA5DE2A52909E9CA0069CFA5 /* WSLeafView.swift */,
				FA5DE2A72909EF350069CFA5 /* WSWateringRegimeView.swift */,
				FA304769291264F8004E7292 /* WSRegimeView.swift */,
				FA0FF1D9290B393000D599A3 /* WSCalendarCell.swift */,
				FAF6376A290D453300F49694 /* WSImageView.swift */,
				FAFE464F29155F7000CA54B2 /* WSCarouselView.swift */,
				FA1AC31C291EB8C80023D330 /* WSGlassView.swift */,
				FAB2F10F291EF7A300571279 /* WSLottieView.swift */,
				FA2F9FFC2928658E00D710F6 /* WSImageManager.swift */,
			);
			path = Components;
			sourceTree = "<group>";
		};
		FAF0810128FAFF65007091B1 /* Models */ = {
			isa = PBXGroup;
			children = (
				FA4CDFC02914953100751AD3 /* WSPlant.swift */,
			);
			path = Models;
			sourceTree = "<group>";
		};
		FAF0810528FB0DA2007091B1 /* Resourses */ = {
			isa = PBXGroup;
			children = (
				FAB2F115291EFD9A00571279 /* flower-animation2.json */,
				FAB2F111291EFA4C00571279 /* flower-animation.json */,
				FAF080F528FAFEBB007091B1 /* Assets.xcassets */,
				FAF0810628FC2BCC007091B1 /* WSFont.swift */,
			);
			path = Resourses;
			sourceTree = "<group>";
		};
		FAF0810828FC2CF9007091B1 /* Services */ = {
			isa = PBXGroup;
			children = (
				FAF0810C28FC2D8F007091B1 /* WSServicesFactory.swift */,
				FAF0810E28FC2DE1007091B1 /* WSService.swift */,
				FA2F9FEF29281B6500D710F6 /* WSPlantService.swift */,
			);
			path = Services;
			sourceTree = "<group>";
		};
		FAF0810928FC2D09007091B1 /* Repositories */ = {
			isa = PBXGroup;
			children = (
				FA2F9FF52928202A00D710F6 /* Models */,
				FAF0810B28FC2D5E007091B1 /* Local */,
				FAF0810A28FC2D4D007091B1 /* Network */,
				FAF0811028FC2F00007091B1 /* WSRepository.swift */,
			);
			path = Repositories;
			sourceTree = "<group>";
		};
		FAF0810A28FC2D4D007091B1 /* Network */ = {
			isa = PBXGroup;
			children = (
			);
			path = Network;
			sourceTree = "<group>";
		};
		FAF0810B28FC2D5E007091B1 /* Local */ = {
			isa = PBXGroup;
			children = (
				FA2F9FF629283C5B00D710F6 /* WSStoreManagerProtocol.swift */,
				FA2F9FF829283D7A00D710F6 /* WSStoreManager.swift */,
				FA315AB52926F7D700CC8313 /* RealmManager.swift */,
				FAF0811228FC2F1E007091B1 /* WSRepositoryLocal.swift */,
				FA2F9FF129281C6200D710F6 /* WSPlantRepository.swift */,
			);
			path = Local;
			sourceTree = "<group>";
		};
		FAF0812E290179F4007091B1 /* Ext */ = {
			isa = PBXGroup;
			children = (
				FAD0715D290DB6AE00EC71E7 /* Date +.swift */,
				FAB81C08290EFFA7008FD888 /* View +.swift */,
				FA107334291EC77800B7E7C3 /* Blur +.swift */,
			);
			path = Ext;
			sourceTree = "<group>";
		};
		FAF63765290D431D00F49694 /* Plant */ = {
			isa = PBXGroup;
			children = (
				FAF63766290D433400F49694 /* WSPlantViewModel.swift */,
				FAF63768290D434500F49694 /* WSPlantView.swift */,
			);
			path = Plant;
			sourceTree = "<group>";
		};
/* End PBXGroup section */

/* Begin PBXNativeTarget section */
		FAF080ED28FAFEB7007091B1 /* WaterSeven */ = {
			isa = PBXNativeTarget;
			buildConfigurationList = FAF080FC28FAFEBB007091B1 /* Build configuration list for PBXNativeTarget "WaterSeven" */;
			buildPhases = (
				672C5EC36C17AE5BA0E0CA8D /* [CP] Check Pods Manifest.lock */,
				FAF080EA28FAFEB7007091B1 /* Sources */,
				FAF080EB28FAFEB7007091B1 /* Frameworks */,
				FAF080EC28FAFEB7007091B1 /* Resources */,
				13DB6A9E3E5554B98899101C /* [CP] Embed Pods Frameworks */,
			);
			buildRules = (
			);
			dependencies = (
			);
			name = WaterSeven;
			packageProductDependencies = (
				FA315AB12926E97000CC8313 /* Realm */,
				FA315AB32926E97000CC8313 /* RealmSwift */,
			);
			productName = WaterSeven;
			productReference = FAF080EE28FAFEB7007091B1 /* WaterSeven.app */;
			productType = "com.apple.product-type.application";
		};
/* End PBXNativeTarget section */

/* Begin PBXProject section */
		FAF080E628FAFEB7007091B1 /* Project object */ = {
			isa = PBXProject;
			attributes = {
				BuildIndependentTargetsInParallel = 1;
				LastSwiftUpdateCheck = 1340;
				LastUpgradeCheck = 1340;
				TargetAttributes = {
					FAF080ED28FAFEB7007091B1 = {
						CreatedOnToolsVersion = 13.4.1;
					};
				};
			};
			buildConfigurationList = FAF080E928FAFEB7007091B1 /* Build configuration list for PBXProject "WaterSeven" */;
			compatibilityVersion = "Xcode 13.0";
			developmentRegion = en;
			hasScannedForEncodings = 0;
			knownRegions = (
				en,
				Base,
			);
			mainGroup = FAF080E528FAFEB7007091B1;
			packageReferences = (
				FA315AB02926E96F00CC8313 /* XCRemoteSwiftPackageReference "realm-cocoa" */,
			);
			productRefGroup = FAF080EF28FAFEB7007091B1 /* Products */;
			projectDirPath = "";
			projectRoot = "";
			targets = (
				FAF080ED28FAFEB7007091B1 /* WaterSeven */,
			);
		};
/* End PBXProject section */

/* Begin PBXResourcesBuildPhase section */
		FAF080EC28FAFEB7007091B1 /* Resources */ = {
			isa = PBXResourcesBuildPhase;
			buildActionMask = 2147483647;
			files = (
				FAB2F116291EFD9A00571279 /* flower-animation2.json in Resources */,
				FAF080F928FAFEBB007091B1 /* Preview Assets.xcassets in Resources */,
				FAB2F112291EFA4C00571279 /* flower-animation.json in Resources */,
				FAF080F628FAFEBB007091B1 /* Assets.xcassets in Resources */,
			);
			runOnlyForDeploymentPostprocessing = 0;
		};
/* End PBXResourcesBuildPhase section */

/* Begin PBXShellScriptBuildPhase section */
		13DB6A9E3E5554B98899101C /* [CP] Embed Pods Frameworks */ = {
			isa = PBXShellScriptBuildPhase;
			buildActionMask = 2147483647;
			files = (
			);
			inputFileListPaths = (
				"${PODS_ROOT}/Target Support Files/Pods-WaterSeven/Pods-WaterSeven-frameworks-${CONFIGURATION}-input-files.xcfilelist",
			);
			name = "[CP] Embed Pods Frameworks";
			outputFileListPaths = (
				"${PODS_ROOT}/Target Support Files/Pods-WaterSeven/Pods-WaterSeven-frameworks-${CONFIGURATION}-output-files.xcfilelist",
			);
			runOnlyForDeploymentPostprocessing = 0;
			shellPath = /bin/sh;
			shellScript = "\"${PODS_ROOT}/Target Support Files/Pods-WaterSeven/Pods-WaterSeven-frameworks.sh\"\n";
			showEnvVarsInLog = 0;
		};
		672C5EC36C17AE5BA0E0CA8D /* [CP] Check Pods Manifest.lock */ = {
			isa = PBXShellScriptBuildPhase;
			buildActionMask = 2147483647;
			files = (
			);
			inputFileListPaths = (
			);
			inputPaths = (
				"${PODS_PODFILE_DIR_PATH}/Podfile.lock",
				"${PODS_ROOT}/Manifest.lock",
			);
			name = "[CP] Check Pods Manifest.lock";
			outputFileListPaths = (
			);
			outputPaths = (
				"$(DERIVED_FILE_DIR)/Pods-WaterSeven-checkManifestLockResult.txt",
			);
			runOnlyForDeploymentPostprocessing = 0;
			shellPath = /bin/sh;
			shellScript = "diff \"${PODS_PODFILE_DIR_PATH}/Podfile.lock\" \"${PODS_ROOT}/Manifest.lock\" > /dev/null\nif [ $? != 0 ] ; then\n    # print error to STDERR\n    echo \"error: The sandbox is not in sync with the Podfile.lock. Run 'pod install' or update your CocoaPods installation.\" >&2\n    exit 1\nfi\n# This output is used by Xcode 'outputs' to avoid re-running this script phase.\necho \"SUCCESS\" > \"${SCRIPT_OUTPUT_FILE_0}\"\n";
			showEnvVarsInLog = 0;
		};
/* End PBXShellScriptBuildPhase section */

/* Begin PBXSourcesBuildPhase section */
		FAF080EA28FAFEB7007091B1 /* Sources */ = {
			isa = PBXSourcesBuildPhase;
			buildActionMask = 2147483647;
			files = (
				FA9F35F22902EAF3007B1194 /* WSImagePickerView.swift in Sources */,
				FA2F9FF929283D7A00D710F6 /* WSStoreManager.swift in Sources */,
				FAE0B9A92943A4E50085F80C /* Scroll.swift in Sources */,
				FA1AC31D291EB8C80023D330 /* WSGlassView.swift in Sources */,
				FA9D17A42901848A006BB413 /* WSSettingsViewModel.swift in Sources */,
				FAF081272900997B007091B1 /* WSPlantCell.swift in Sources */,
				FA0FF1DA290B393000D599A3 /* WSCalendarCell.swift in Sources */,
				FAD0715E290DB6AE00EC71E7 /* Date +.swift in Sources */,
				FAF63769290D434500F49694 /* WSPlantView.swift in Sources */,
				FAF080F428FAFEB7007091B1 /* WSHomeView.swift in Sources */,
				FA9D17A8290184F8006BB413 /* WSTabView.swift in Sources */,
				FAF080F228FAFEB7007091B1 /* WaterSevenApp.swift in Sources */,
				FA107335291EC77800B7E7C3 /* Blur +.swift in Sources */,
				FAB81C09290EFFA7008FD888 /* View +.swift in Sources */,
				FA315AB62926F7D700CC8313 /* RealmManager.swift in Sources */,
				FA9D17A629018498006BB413 /* WSSettingsView.swift in Sources */,
				FAF0811128FC2F00007091B1 /* WSRepository.swift in Sources */,
				FA9D179F29018429006BB413 /* WSAllPlantsViewModel.swift in Sources */,
				FA4335D52909C25E000278A1 /* WSTextField.swift in Sources */,
				FAF0811728FC313E007091B1 /* WSViewModel.swift in Sources */,
				FA2F9FFD2928658E00D710F6 /* WSImageManager.swift in Sources */,
				FA2F9FF029281B6500D710F6 /* WSPlantService.swift in Sources */,
				FAF0812B29016E50007091B1 /* WSPlantCellVM.swift in Sources */,
				FAD0715C290D9B4900EC71E7 /* WSCalendarView.swift in Sources */,
				FA2F9FF229281C6200D710F6 /* WSPlantRepository.swift in Sources */,
				FA2F9FF42928202300D710F6 /* WSPlantStored.swift in Sources */,
				FAF0811928FC3270007091B1 /* WSHomeViewModel.swift in Sources */,
				FAF6376B290D453300F49694 /* WSImageView.swift in Sources */,
				FAF0811B28FC3D84007091B1 /* WSServiceFactoryMock.swift in Sources */,
				FA4CDFBD2914941300751AD3 /* WSPlantSquareCell.swift in Sources */,
				FA9D17A129018449006BB413 /* WSAllPlantsView.swift in Sources */,
				FAF0810D28FC2D8F007091B1 /* WSServicesFactory.swift in Sources */,
				FA4CDFC12914953100751AD3 /* WSPlant.swift in Sources */,
				FAF0811328FC2F1E007091B1 /* WSRepositoryLocal.swift in Sources */,
				FA2F9FF729283C5B00D710F6 /* WSStoreManagerProtocol.swift in Sources */,
				FAFE465029155F7000CA54B2 /* WSCarouselView.swift in Sources */,
				FAF0810428FB06F8007091B1 /* WSTodayWaterView.swift in Sources */,
				FAD07161290E040D00EC71E7 /* WSCalendarVM.swift in Sources */,
				FAF0810728FC2BCC007091B1 /* WSFont.swift in Sources */,
				FA5DE2A82909EF350069CFA5 /* WSWateringRegimeView.swift in Sources */,
				FAD6422A2902CEE6009E8F98 /* WSNewPlantView.swift in Sources */,
				FA2F9FFB2928493600D710F6 /* WSTabViewModel.swift in Sources */,
				FA30476A291264F8004E7292 /* WSRegimeView.swift in Sources */,
				FAF0810F28FC2DE1007091B1 /* WSService.swift in Sources */,
				FA5DE2A62909E9CA0069CFA5 /* WSLeafView.swift in Sources */,
				FAB2F110291EF7A300571279 /* WSLottieView.swift in Sources */,
				FA4CDFBF2914942C00751AD3 /* WSPlantSquareCellVM.swift in Sources */,
				FA9D179929017A40006BB413 /* WSRoundedCornersShape.swift in Sources */,
				FAF0812D290170ED007091B1 /* WSButtons.swift in Sources */,
				FAD642282902CED6009E8F98 /* WSNewPlantViewModel.swift in Sources */,
				FAF63767290D433400F49694 /* WSPlantViewModel.swift in Sources */,
			);
			runOnlyForDeploymentPostprocessing = 0;
		};
/* End PBXSourcesBuildPhase section */

/* Begin XCBuildConfiguration section */
		FAF080FA28FAFEBB007091B1 /* Debug */ = {
			isa = XCBuildConfiguration;
			buildSettings = {
				ALWAYS_SEARCH_USER_PATHS = NO;
				CLANG_ANALYZER_NONNULL = YES;
				CLANG_ANALYZER_NUMBER_OBJECT_CONVERSION = YES_AGGRESSIVE;
				CLANG_CXX_LANGUAGE_STANDARD = "gnu++17";
				CLANG_ENABLE_MODULES = YES;
				CLANG_ENABLE_OBJC_ARC = YES;
				CLANG_ENABLE_OBJC_WEAK = YES;
				CLANG_WARN_BLOCK_CAPTURE_AUTORELEASING = YES;
				CLANG_WARN_BOOL_CONVERSION = YES;
				CLANG_WARN_COMMA = YES;
				CLANG_WARN_CONSTANT_CONVERSION = YES;
				CLANG_WARN_DEPRECATED_OBJC_IMPLEMENTATIONS = YES;
				CLANG_WARN_DIRECT_OBJC_ISA_USAGE = YES_ERROR;
				CLANG_WARN_DOCUMENTATION_COMMENTS = YES;
				CLANG_WARN_EMPTY_BODY = YES;
				CLANG_WARN_ENUM_CONVERSION = YES;
				CLANG_WARN_INFINITE_RECURSION = YES;
				CLANG_WARN_INT_CONVERSION = YES;
				CLANG_WARN_NON_LITERAL_NULL_CONVERSION = YES;
				CLANG_WARN_OBJC_IMPLICIT_RETAIN_SELF = YES;
				CLANG_WARN_OBJC_LITERAL_CONVERSION = YES;
				CLANG_WARN_OBJC_ROOT_CLASS = YES_ERROR;
				CLANG_WARN_QUOTED_INCLUDE_IN_FRAMEWORK_HEADER = YES;
				CLANG_WARN_RANGE_LOOP_ANALYSIS = YES;
				CLANG_WARN_STRICT_PROTOTYPES = YES;
				CLANG_WARN_SUSPICIOUS_MOVE = YES;
				CLANG_WARN_UNGUARDED_AVAILABILITY = YES_AGGRESSIVE;
				CLANG_WARN_UNREACHABLE_CODE = YES;
				CLANG_WARN__DUPLICATE_METHOD_MATCH = YES;
				COPY_PHASE_STRIP = NO;
				DEBUG_INFORMATION_FORMAT = dwarf;
				ENABLE_STRICT_OBJC_MSGSEND = YES;
				ENABLE_TESTABILITY = YES;
				GCC_C_LANGUAGE_STANDARD = gnu11;
				GCC_DYNAMIC_NO_PIC = NO;
				GCC_NO_COMMON_BLOCKS = YES;
				GCC_OPTIMIZATION_LEVEL = 0;
				GCC_PREPROCESSOR_DEFINITIONS = (
					"DEBUG=1",
					"$(inherited)",
				);
				GCC_WARN_64_TO_32_BIT_CONVERSION = YES;
				GCC_WARN_ABOUT_RETURN_TYPE = YES_ERROR;
				GCC_WARN_UNDECLARED_SELECTOR = YES;
				GCC_WARN_UNINITIALIZED_AUTOS = YES_AGGRESSIVE;
				GCC_WARN_UNUSED_FUNCTION = YES;
				GCC_WARN_UNUSED_VARIABLE = YES;
				IPHONEOS_DEPLOYMENT_TARGET = 15.5;
				MTL_ENABLE_DEBUG_INFO = INCLUDE_SOURCE;
				MTL_FAST_MATH = YES;
				ONLY_ACTIVE_ARCH = YES;
				SDKROOT = iphoneos;
				SWIFT_ACTIVE_COMPILATION_CONDITIONS = DEBUG;
				SWIFT_OPTIMIZATION_LEVEL = "-Onone";
			};
			name = Debug;
		};
		FAF080FB28FAFEBB007091B1 /* Release */ = {
			isa = XCBuildConfiguration;
			buildSettings = {
				ALWAYS_SEARCH_USER_PATHS = NO;
				CLANG_ANALYZER_NONNULL = YES;
				CLANG_ANALYZER_NUMBER_OBJECT_CONVERSION = YES_AGGRESSIVE;
				CLANG_CXX_LANGUAGE_STANDARD = "gnu++17";
				CLANG_ENABLE_MODULES = YES;
				CLANG_ENABLE_OBJC_ARC = YES;
				CLANG_ENABLE_OBJC_WEAK = YES;
				CLANG_WARN_BLOCK_CAPTURE_AUTORELEASING = YES;
				CLANG_WARN_BOOL_CONVERSION = YES;
				CLANG_WARN_COMMA = YES;
				CLANG_WARN_CONSTANT_CONVERSION = YES;
				CLANG_WARN_DEPRECATED_OBJC_IMPLEMENTATIONS = YES;
				CLANG_WARN_DIRECT_OBJC_ISA_USAGE = YES_ERROR;
				CLANG_WARN_DOCUMENTATION_COMMENTS = YES;
				CLANG_WARN_EMPTY_BODY = YES;
				CLANG_WARN_ENUM_CONVERSION = YES;
				CLANG_WARN_INFINITE_RECURSION = YES;
				CLANG_WARN_INT_CONVERSION = YES;
				CLANG_WARN_NON_LITERAL_NULL_CONVERSION = YES;
				CLANG_WARN_OBJC_IMPLICIT_RETAIN_SELF = YES;
				CLANG_WARN_OBJC_LITERAL_CONVERSION = YES;
				CLANG_WARN_OBJC_ROOT_CLASS = YES_ERROR;
				CLANG_WARN_QUOTED_INCLUDE_IN_FRAMEWORK_HEADER = YES;
				CLANG_WARN_RANGE_LOOP_ANALYSIS = YES;
				CLANG_WARN_STRICT_PROTOTYPES = YES;
				CLANG_WARN_SUSPICIOUS_MOVE = YES;
				CLANG_WARN_UNGUARDED_AVAILABILITY = YES_AGGRESSIVE;
				CLANG_WARN_UNREACHABLE_CODE = YES;
				CLANG_WARN__DUPLICATE_METHOD_MATCH = YES;
				COPY_PHASE_STRIP = NO;
				DEBUG_INFORMATION_FORMAT = "dwarf-with-dsym";
				ENABLE_NS_ASSERTIONS = NO;
				ENABLE_STRICT_OBJC_MSGSEND = YES;
				GCC_C_LANGUAGE_STANDARD = gnu11;
				GCC_NO_COMMON_BLOCKS = YES;
				GCC_WARN_64_TO_32_BIT_CONVERSION = YES;
				GCC_WARN_ABOUT_RETURN_TYPE = YES_ERROR;
				GCC_WARN_UNDECLARED_SELECTOR = YES;
				GCC_WARN_UNINITIALIZED_AUTOS = YES_AGGRESSIVE;
				GCC_WARN_UNUSED_FUNCTION = YES;
				GCC_WARN_UNUSED_VARIABLE = YES;
				IPHONEOS_DEPLOYMENT_TARGET = 15.5;
				MTL_ENABLE_DEBUG_INFO = NO;
				MTL_FAST_MATH = YES;
				SDKROOT = iphoneos;
				SWIFT_COMPILATION_MODE = wholemodule;
				SWIFT_OPTIMIZATION_LEVEL = "-O";
				VALIDATE_PRODUCT = YES;
			};
			name = Release;
		};
		FAF080FD28FAFEBB007091B1 /* Debug */ = {
			isa = XCBuildConfiguration;
			baseConfigurationReference = 1F6F92E252E3F9BCB18C5F15 /* Pods-WaterSeven.debug.xcconfig */;
			buildSettings = {
				ASSETCATALOG_COMPILER_APPICON_NAME = AppIcon;
				ASSETCATALOG_COMPILER_GLOBAL_ACCENT_COLOR_NAME = AccentColor;
				CODE_SIGN_STYLE = Automatic;
				CURRENT_PROJECT_VERSION = 1;
				DEVELOPMENT_ASSET_PATHS = "\"WaterSeven/Preview Content\"";
				DEVELOPMENT_TEAM = 955DP87LHM;
				ENABLE_PREVIEWS = YES;
				GENERATE_INFOPLIST_FILE = YES;
				INFOPLIST_FILE = WaterSeven/Info.plist;
				INFOPLIST_KEY_NSCameraUsageDescription = "we need camera permission";
				INFOPLIST_KEY_UIApplicationSceneManifest_Generation = YES;
				INFOPLIST_KEY_UIApplicationSupportsIndirectInputEvents = YES;
				INFOPLIST_KEY_UILaunchScreen_Generation = YES;
				INFOPLIST_KEY_UIStatusBarHidden = YES;
				INFOPLIST_KEY_UISupportedInterfaceOrientations_iPad = "UIInterfaceOrientationPortrait UIInterfaceOrientationPortraitUpsideDown UIInterfaceOrientationLandscapeLeft UIInterfaceOrientationLandscapeRight";
				INFOPLIST_KEY_UISupportedInterfaceOrientations_iPhone = "UIInterfaceOrientationPortrait UIInterfaceOrientationLandscapeLeft UIInterfaceOrientationLandscapeRight";
				IPHONEOS_DEPLOYMENT_TARGET = 15.0;
				LD_RUNPATH_SEARCH_PATHS = (
					"$(inherited)",
					"@executable_path/Frameworks",
				);
				MARKETING_VERSION = 1.0;
				PRODUCT_BUNDLE_IDENTIFIER = none.WaterSeven;
				PRODUCT_NAME = "$(TARGET_NAME)";
				SWIFT_EMIT_LOC_STRINGS = YES;
				SWIFT_VERSION = 5.0;
				TARGETED_DEVICE_FAMILY = 1;
			};
			name = Debug;
		};
		FAF080FE28FAFEBB007091B1 /* Release */ = {
			isa = XCBuildConfiguration;
			baseConfigurationReference = E899D2B4DEAC6BA94DC7522E /* Pods-WaterSeven.release.xcconfig */;
			buildSettings = {
				ASSETCATALOG_COMPILER_APPICON_NAME = AppIcon;
				ASSETCATALOG_COMPILER_GLOBAL_ACCENT_COLOR_NAME = AccentColor;
				CODE_SIGN_STYLE = Automatic;
				CURRENT_PROJECT_VERSION = 1;
				DEVELOPMENT_ASSET_PATHS = "\"WaterSeven/Preview Content\"";
				DEVELOPMENT_TEAM = 955DP87LHM;
				ENABLE_PREVIEWS = YES;
				GENERATE_INFOPLIST_FILE = YES;
				INFOPLIST_FILE = WaterSeven/Info.plist;
				INFOPLIST_KEY_NSCameraUsageDescription = "we need camera permission";
				INFOPLIST_KEY_UIApplicationSceneManifest_Generation = YES;
				INFOPLIST_KEY_UIApplicationSupportsIndirectInputEvents = YES;
				INFOPLIST_KEY_UILaunchScreen_Generation = YES;
				INFOPLIST_KEY_UIStatusBarHidden = YES;
				INFOPLIST_KEY_UISupportedInterfaceOrientations_iPad = "UIInterfaceOrientationPortrait UIInterfaceOrientationPortraitUpsideDown UIInterfaceOrientationLandscapeLeft UIInterfaceOrientationLandscapeRight";
				INFOPLIST_KEY_UISupportedInterfaceOrientations_iPhone = "UIInterfaceOrientationPortrait UIInterfaceOrientationLandscapeLeft UIInterfaceOrientationLandscapeRight";
				IPHONEOS_DEPLOYMENT_TARGET = 15.0;
				LD_RUNPATH_SEARCH_PATHS = (
					"$(inherited)",
					"@executable_path/Frameworks",
				);
				MARKETING_VERSION = 1.0;
				PRODUCT_BUNDLE_IDENTIFIER = none.WaterSeven;
				PRODUCT_NAME = "$(TARGET_NAME)";
				SWIFT_EMIT_LOC_STRINGS = YES;
				SWIFT_VERSION = 5.0;
				TARGETED_DEVICE_FAMILY = 1;
			};
			name = Release;
		};
/* End XCBuildConfiguration section */

/* Begin XCConfigurationList section */
		FAF080E928FAFEB7007091B1 /* Build configuration list for PBXProject "WaterSeven" */ = {
			isa = XCConfigurationList;
			buildConfigurations = (
				FAF080FA28FAFEBB007091B1 /* Debug */,
				FAF080FB28FAFEBB007091B1 /* Release */,
			);
			defaultConfigurationIsVisible = 0;
			defaultConfigurationName = Release;
		};
		FAF080FC28FAFEBB007091B1 /* Build configuration list for PBXNativeTarget "WaterSeven" */ = {
			isa = XCConfigurationList;
			buildConfigurations = (
				FAF080FD28FAFEBB007091B1 /* Debug */,
				FAF080FE28FAFEBB007091B1 /* Release */,
			);
			defaultConfigurationIsVisible = 0;
			defaultConfigurationName = Release;
		};
/* End XCConfigurationList section */

/* Begin XCRemoteSwiftPackageReference section */
		FA315AB02926E96F00CC8313 /* XCRemoteSwiftPackageReference "realm-cocoa" */ = {
			isa = XCRemoteSwiftPackageReference;
			repositoryURL = "https://github.com/realm/realm-cocoa.git";
			requirement = {
				branch = master;
				kind = branch;
			};
		};
/* End XCRemoteSwiftPackageReference section */

/* Begin XCSwiftPackageProductDependency section */
		FA315AB12926E97000CC8313 /* Realm */ = {
			isa = XCSwiftPackageProductDependency;
			package = FA315AB02926E96F00CC8313 /* XCRemoteSwiftPackageReference "realm-cocoa" */;
			productName = Realm;
		};
		FA315AB32926E97000CC8313 /* RealmSwift */ = {
			isa = XCSwiftPackageProductDependency;
			package = FA315AB02926E96F00CC8313 /* XCRemoteSwiftPackageReference "realm-cocoa" */;
			productName = RealmSwift;
		};
/* End XCSwiftPackageProductDependency section */
	};
	rootObject = FAF080E628FAFEB7007091B1 /* Project object */;
}
